
Microsoft Visual Studio Solution File, Format Version 12.00
# 
Project("{2150E333-8FDC-42A3-9474-1A3956D46DE8}") = "main", "main", "{5A1F0134-3598-4370-937D-A64BBCA60B90}"
EndProject
Project("{2150E333-8FDC-42A3-9474-1A3956D46DE8}") = "cs", "cs", "{28D79E86-20EF-40A1-AAAB-35DA29F827DD}"
EndProject
Project("{2150E333-8FDC-42A3-9474-1A3956D46DE8}") = "deployables", "deployables", "{0BB25F0A-2579-46BE-8EB9-34439E2F3AD2}"
EndProject
Project("{FAE04EC0-301F-11D3-BF4B-00C04F79EFBC}") = "WebApi", "main\cs\deployables\WebApi\WebApi.csproj", "{C2AEA029-AA22-412D-8400-022C356CEB1C}"
EndProject
Project("{FAE04EC0-301F-11D3-BF4B-00C04F79EFBC}") = "Core", "main\cs\Core\Core.csproj", "{65B34BB4-9368-4FFC-9F07-78FA5CCC4967}"
EndProject
Project("{2150E333-8FDC-42A3-9474-1A3956D46DE8}") = "boundaries", "boundaries", "{E76B2213-FDD8-4A64-AB5B-7185B69534B5}"
EndProject
Project("{FAE04EC0-301F-11D3-BF4B-00C04F79EFBC}") = "Persistence", "main\cs\boundaries\Persistence\Persistence.csproj", "{86ABD41E-BB29-423B-992F-B7974BC28154}"
EndProject
Global
	GlobalSection(SolutionConfigurationPlatforms) = preSolution
		Debug|Any CPU = Debug|Any CPU
		Debug|x64 = Debug|x64
		Debug|x86 = Debug|x86
		Release|Any CPU = Release|Any CPU
		Release|x64 = Release|x64
		Release|x86 = Release|x86
	EndGlobalSection
	GlobalSection(ProjectConfigurationPlatforms) = postSolution
		{C2AEA029-AA22-412D-8400-022C356CEB1C}.Debug|Any CPU.ActiveCfg = Debug|Any CPU
		{C2AEA029-AA22-412D-8400-022C356CEB1C}.Debug|Any CPU.Build.0 = Debug|Any CPU
		{C2AEA029-AA22-412D-8400-022C356CEB1C}.Debug|x64.ActiveCfg = Debug|Any CPU
		{C2AEA029-AA22-412D-8400-022C356CEB1C}.Debug|x64.Build.0 = Debug|Any CPU
		{C2AEA029-AA22-412D-8400-022C356CEB1C}.Debug|x86.ActiveCfg = Debug|Any CPU
		{C2AEA029-AA22-412D-8400-022C356CEB1C}.Debug|x86.Build.0 = Debug|Any CPU
		{C2AEA029-AA22-412D-8400-022C356CEB1C}.Release|Any CPU.ActiveCfg = Release|Any CPU
		{C2AEA029-AA22-412D-8400-022C356CEB1C}.Release|Any CPU.Build.0 = Release|Any CPU
		{C2AEA029-AA22-412D-8400-022C356CEB1C}.Release|x64.ActiveCfg = Release|Any CPU
		{C2AEA029-AA22-412D-8400-022C356CEB1C}.Release|x64.Build.0 = Release|Any CPU
		{C2AEA029-AA22-412D-8400-022C356CEB1C}.Release|x86.ActiveCfg = Release|Any CPU
		{C2AEA029-AA22-412D-8400-022C356CEB1C}.Release|x86.Build.0 = Release|Any CPU
		{65B34BB4-9368-4FFC-9F07-78FA5CCC4967}.Debug|Any CPU.ActiveCfg = Debug|Any CPU
		{65B34BB4-9368-4FFC-9F07-78FA5CCC4967}.Debug|Any CPU.Build.0 = Debug|Any CPU
		{65B34BB4-9368-4FFC-9F07-78FA5CCC4967}.Debug|x64.ActiveCfg = Debug|Any CPU
		{65B34BB4-9368-4FFC-9F07-78FA5CCC4967}.Debug|x64.Build.0 = Debug|Any CPU
		{65B34BB4-9368-4FFC-9F07-78FA5CCC4967}.Debug|x86.ActiveCfg = Debug|Any CPU
		{65B34BB4-9368-4FFC-9F07-78FA5CCC4967}.Debug|x86.Build.0 = Debug|Any CPU
		{65B34BB4-9368-4FFC-9F07-78FA5CCC4967}.Release|Any CPU.ActiveCfg = Release|Any CPU
		{65B34BB4-9368-4FFC-9F07-78FA5CCC4967}.Release|Any CPU.Build.0 = Release|Any CPU
		{65B34BB4-9368-4FFC-9F07-78FA5CCC4967}.Release|x64.ActiveCfg = Release|Any CPU
		{65B34BB4-9368-4FFC-9F07-78FA5CCC4967}.Release|x64.Build.0 = Release|Any CPU
		{65B34BB4-9368-4FFC-9F07-78FA5CCC4967}.Release|x86.ActiveCfg = Release|Any CPU
		{65B34BB4-9368-4FFC-9F07-78FA5CCC4967}.Release|x86.Build.0 = Release|Any CPU
		{86ABD41E-BB29-423B-992F-B7974BC28154}.Debug|Any CPU.ActiveCfg = Debug|Any CPU
		{86ABD41E-BB29-423B-992F-B7974BC28154}.Debug|Any CPU.Build.0 = Debug|Any CPU
		{86ABD41E-BB29-423B-992F-B7974BC28154}.Debug|x64.ActiveCfg = Debug|Any CPU
		{86ABD41E-BB29-423B-992F-B7974BC28154}.Debug|x64.Build.0 = Debug|Any CPU
		{86ABD41E-BB29-423B-992F-B7974BC28154}.Debug|x86.ActiveCfg = Debug|Any CPU
		{86ABD41E-BB29-423B-992F-B7974BC28154}.Debug|x86.Build.0 = Debug|Any CPU
		{86ABD41E-BB29-423B-992F-B7974BC28154}.Release|Any CPU.ActiveCfg = Release|Any CPU
		{86ABD41E-BB29-423B-992F-B7974BC28154}.Release|Any CPU.Build.0 = Release|Any CPU
		{86ABD41E-BB29-423B-992F-B7974BC28154}.Release|x64.ActiveCfg = Release|Any CPU
		{86ABD41E-BB29-423B-992F-B7974BC28154}.Release|x64.Build.0 = Release|Any CPU
		{86ABD41E-BB29-423B-992F-B7974BC28154}.Release|x86.ActiveCfg = Release|Any CPU
		{86ABD41E-BB29-423B-992F-B7974BC28154}.Release|x86.Build.0 = Release|Any CPU
	EndGlobalSection
	GlobalSection(NestedProjects) = preSolution
		{28D79E86-20EF-40A1-AAAB-35DA29F827DD} = {5A1F0134-3598-4370-937D-A64BBCA60B90}
		{0BB25F0A-2579-46BE-8EB9-34439E2F3AD2} = {28D79E86-20EF-40A1-AAAB-35DA29F827DD}
		{C2AEA029-AA22-412D-8400-022C356CEB1C} = {0BB25F0A-2579-46BE-8EB9-34439E2F3AD2}
		{65B34BB4-9368-4FFC-9F07-78FA5CCC4967} = {28D79E86-20EF-40A1-AAAB-35DA29F827DD}
		{E76B2213-FDD8-4A64-AB5B-7185B69534B5} = {28D79E86-20EF-40A1-AAAB-35DA29F827DD}
		{86ABD41E-BB29-423B-992F-B7974BC28154} = {E76B2213-FDD8-4A64-AB5B-7185B69534B5}
	EndGlobalSection
EndGlobal
