
Microsoft Visual Studio Solution File, Format Version 12.00
# Visual Studio Version 17
VisualStudioVersion = 17.6.33417.168
MinimumVisualStudioVersion = 10.0.40219.1
Project("{9A19103F-16F7-4668-BE54-9A1E7A4F7556}") = "Contracts", "Contracts\Contracts.csproj", "{EAF98E18-0087-45F7-892E-337BB71BCA67}"
EndProject
Project("{2150E333-8FDC-42A3-9474-1A3956D46DE8}") = "Core", "Core", "{00FF8918-DF57-4BE8-9E40-31B7C99EB0DF}"
EndProject
Project("{2150E333-8FDC-42A3-9474-1A3956D46DE8}") = "Infrastructure", "Infrastructure", "{BF7F0264-0847-4F37-872D-64143A917960}"
EndProject
Project("{9A19103F-16F7-4668-BE54-9A1E7A4F7556}") = "Persistence", "Persistence\Persistence.csproj", "{3021DE1D-9296-48B2-84E8-04F6507A6631}"
EndProject
Project("{9A19103F-16F7-4668-BE54-9A1E7A4F7556}") = "Messaging", "Messaging\Messaging.csproj", "{894003B4-CB09-4EE1-84A8-FCCB6F3131FF}"
EndProject
Project("{9A19103F-16F7-4668-BE54-9A1E7A4F7556}") = "Services.Abstractions", "Services.Abstractions\Services.Abstractions.csproj", "{40D6CD6E-F5A0-48AC-996A-5C1BA25412B7}"
EndProject
Project("{9A19103F-16F7-4668-BE54-9A1E7A4F7556}") = "Services", "Services\Services.csproj", "{24E7C03C-3301-44DC-B469-A28B49257A5B}"
EndProject
Project("{9A19103F-16F7-4668-BE54-9A1E7A4F7556}") = "docker-compose", "docker-compose\docker-compose.csproj", "{D093A86F-CE3D-461B-9BA9-1EDF53DB0685}"
EndProject
Project("{9A19103F-16F7-4668-BE54-9A1E7A4F7556}") = "Presentation", "Presentation\Presentation.csproj", "{D592C87D-C816-4BD9-8B53-3DBA01EF7E0B}"
EndProject
Project("{9A19103F-16F7-4668-BE54-9A1E7A4F7556}") = "Domain", "Domain\Domain.csproj", "{D2809D7E-548C-4EE1-95C0-25CFF9215490}"
EndProject
Project("{9A19103F-16F7-4668-BE54-9A1E7A4F7556}") = "WebApi", "WebApi\WebApi.csproj", "{B4FF9BA3-EA21-4E82-8DBE-D8E06563D49E}"
EndProject
Project("{2150E333-8FDC-42A3-9474-1A3956D46DE8}") = "Solution Items", "Solution Items", "{66422F63-E7B8-495B-B501-C00909C521AD}"
	ProjectSection(SolutionItems) = preProject
		.editorconfig = .editorconfig
	EndProjectSection
EndProject
Global
	GlobalSection(SolutionConfigurationPlatforms) = preSolution
		Debug|Any CPU = Debug|Any CPU
		Debug|x64 = Debug|x64
		Debug|x86 = Debug|x86
		Release|Any CPU = Release|Any CPU
		Release|x64 = Release|x64
		Release|x86 = Release|x86
	EndGlobalSection
	GlobalSection(ProjectConfigurationPlatforms) = postSolution
		{EAF98E18-0087-45F7-892E-337BB71BCA67}.Debug|Any CPU.ActiveCfg = Debug|Any CPU
		{EAF98E18-0087-45F7-892E-337BB71BCA67}.Debug|Any CPU.Build.0 = Debug|Any CPU
		{EAF98E18-0087-45F7-892E-337BB71BCA67}.Debug|x64.ActiveCfg = Debug|Any CPU
		{EAF98E18-0087-45F7-892E-337BB71BCA67}.Debug|x64.Build.0 = Debug|Any CPU
		{EAF98E18-0087-45F7-892E-337BB71BCA67}.Debug|x86.ActiveCfg = Debug|Any CPU
		{EAF98E18-0087-45F7-892E-337BB71BCA67}.Debug|x86.Build.0 = Debug|Any CPU
		{EAF98E18-0087-45F7-892E-337BB71BCA67}.Release|Any CPU.ActiveCfg = Release|Any CPU
		{EAF98E18-0087-45F7-892E-337BB71BCA67}.Release|Any CPU.Build.0 = Release|Any CPU
		{EAF98E18-0087-45F7-892E-337BB71BCA67}.Release|x64.ActiveCfg = Release|Any CPU
		{EAF98E18-0087-45F7-892E-337BB71BCA67}.Release|x64.Build.0 = Release|Any CPU
		{EAF98E18-0087-45F7-892E-337BB71BCA67}.Release|x86.ActiveCfg = Release|Any CPU
		{EAF98E18-0087-45F7-892E-337BB71BCA67}.Release|x86.Build.0 = Release|Any CPU
		{3021DE1D-9296-48B2-84E8-04F6507A6631}.Debug|Any CPU.ActiveCfg = Debug|Any CPU
		{3021DE1D-9296-48B2-84E8-04F6507A6631}.Debug|Any CPU.Build.0 = Debug|Any CPU
		{3021DE1D-9296-48B2-84E8-04F6507A6631}.Debug|x64.ActiveCfg = Debug|Any CPU
		{3021DE1D-9296-48B2-84E8-04F6507A6631}.Debug|x64.Build.0 = Debug|Any CPU
		{3021DE1D-9296-48B2-84E8-04F6507A6631}.Debug|x86.ActiveCfg = Debug|Any CPU
		{3021DE1D-9296-48B2-84E8-04F6507A6631}.Debug|x86.Build.0 = Debug|Any CPU
		{3021DE1D-9296-48B2-84E8-04F6507A6631}.Release|Any CPU.ActiveCfg = Release|Any CPU
		{3021DE1D-9296-48B2-84E8-04F6507A6631}.Release|Any CPU.Build.0 = Release|Any CPU
		{3021DE1D-9296-48B2-84E8-04F6507A6631}.Release|x64.ActiveCfg = Release|Any CPU
		{3021DE1D-9296-48B2-84E8-04F6507A6631}.Release|x64.Build.0 = Release|Any CPU
		{3021DE1D-9296-48B2-84E8-04F6507A6631}.Release|x86.ActiveCfg = Release|Any CPU
		{3021DE1D-9296-48B2-84E8-04F6507A6631}.Release|x86.Build.0 = Release|Any CPU
		{894003B4-CB09-4EE1-84A8-FCCB6F3131FF}.Debug|Any CPU.ActiveCfg = Debug|Any CPU
		{894003B4-CB09-4EE1-84A8-FCCB6F3131FF}.Debug|Any CPU.Build.0 = Debug|Any CPU
		{894003B4-CB09-4EE1-84A8-FCCB6F3131FF}.Debug|x64.ActiveCfg = Debug|Any CPU
		{894003B4-CB09-4EE1-84A8-FCCB6F3131FF}.Debug|x64.Build.0 = Debug|Any CPU
		{894003B4-CB09-4EE1-84A8-FCCB6F3131FF}.Debug|x86.ActiveCfg = Debug|Any CPU
		{894003B4-CB09-4EE1-84A8-FCCB6F3131FF}.Debug|x86.Build.0 = Debug|Any CPU
		{894003B4-CB09-4EE1-84A8-FCCB6F3131FF}.Release|Any CPU.ActiveCfg = Release|Any CPU
		{894003B4-CB09-4EE1-84A8-FCCB6F3131FF}.Release|Any CPU.Build.0 = Release|Any CPU
		{894003B4-CB09-4EE1-84A8-FCCB6F3131FF}.Release|x64.ActiveCfg = Release|Any CPU
		{894003B4-CB09-4EE1-84A8-FCCB6F3131FF}.Release|x64.Build.0 = Release|Any CPU
		{894003B4-CB09-4EE1-84A8-FCCB6F3131FF}.Release|x86.ActiveCfg = Release|Any CPU
		{894003B4-CB09-4EE1-84A8-FCCB6F3131FF}.Release|x86.Build.0 = Release|Any CPU
		{40D6CD6E-F5A0-48AC-996A-5C1BA25412B7}.Debug|Any CPU.ActiveCfg = Debug|Any CPU
		{40D6CD6E-F5A0-48AC-996A-5C1BA25412B7}.Debug|Any CPU.Build.0 = Debug|Any CPU
		{40D6CD6E-F5A0-48AC-996A-5C1BA25412B7}.Debug|x64.ActiveCfg = Debug|Any CPU
		{40D6CD6E-F5A0-48AC-996A-5C1BA25412B7}.Debug|x64.Build.0 = Debug|Any CPU
		{40D6CD6E-F5A0-48AC-996A-5C1BA25412B7}.Debug|x86.ActiveCfg = Debug|Any CPU
		{40D6CD6E-F5A0-48AC-996A-5C1BA25412B7}.Debug|x86.Build.0 = Debug|Any CPU
		{40D6CD6E-F5A0-48AC-996A-5C1BA25412B7}.Release|Any CPU.ActiveCfg = Release|Any CPU
		{40D6CD6E-F5A0-48AC-996A-5C1BA25412B7}.Release|Any CPU.Build.0 = Release|Any CPU
		{40D6CD6E-F5A0-48AC-996A-5C1BA25412B7}.Release|x64.ActiveCfg = Release|Any CPU
		{40D6CD6E-F5A0-48AC-996A-5C1BA25412B7}.Release|x64.Build.0 = Release|Any CPU
		{40D6CD6E-F5A0-48AC-996A-5C1BA25412B7}.Release|x86.ActiveCfg = Release|Any CPU
		{40D6CD6E-F5A0-48AC-996A-5C1BA25412B7}.Release|x86.Build.0 = Release|Any CPU
		{24E7C03C-3301-44DC-B469-A28B49257A5B}.Debug|Any CPU.ActiveCfg = Debug|Any CPU
		{24E7C03C-3301-44DC-B469-A28B49257A5B}.Debug|Any CPU.Build.0 = Debug|Any CPU
		{24E7C03C-3301-44DC-B469-A28B49257A5B}.Debug|x64.ActiveCfg = Debug|Any CPU
		{24E7C03C-3301-44DC-B469-A28B49257A5B}.Debug|x64.Build.0 = Debug|Any CPU
		{24E7C03C-3301-44DC-B469-A28B49257A5B}.Debug|x86.ActiveCfg = Debug|Any CPU
		{24E7C03C-3301-44DC-B469-A28B49257A5B}.Debug|x86.Build.0 = Debug|Any CPU
		{24E7C03C-3301-44DC-B469-A28B49257A5B}.Release|Any CPU.ActiveCfg = Release|Any CPU
		{24E7C03C-3301-44DC-B469-A28B49257A5B}.Release|Any CPU.Build.0 = Release|Any CPU
		{24E7C03C-3301-44DC-B469-A28B49257A5B}.Release|x64.ActiveCfg = Release|Any CPU
		{24E7C03C-3301-44DC-B469-A28B49257A5B}.Release|x64.Build.0 = Release|Any CPU
		{24E7C03C-3301-44DC-B469-A28B49257A5B}.Release|x86.ActiveCfg = Release|Any CPU
		{24E7C03C-3301-44DC-B469-A28B49257A5B}.Release|x86.Build.0 = Release|Any CPU
		{D093A86F-CE3D-461B-9BA9-1EDF53DB0685}.Debug|Any CPU.ActiveCfg = Debug|Any CPU
		{D093A86F-CE3D-461B-9BA9-1EDF53DB0685}.Debug|Any CPU.Build.0 = Debug|Any CPU
		{D093A86F-CE3D-461B-9BA9-1EDF53DB0685}.Debug|x64.ActiveCfg = Debug|Any CPU
		{D093A86F-CE3D-461B-9BA9-1EDF53DB0685}.Debug|x64.Build.0 = Debug|Any CPU
		{D093A86F-CE3D-461B-9BA9-1EDF53DB0685}.Debug|x86.ActiveCfg = Debug|Any CPU
		{D093A86F-CE3D-461B-9BA9-1EDF53DB0685}.Debug|x86.Build.0 = Debug|Any CPU
		{D093A86F-CE3D-461B-9BA9-1EDF53DB0685}.Release|Any CPU.ActiveCfg = Release|Any CPU
		{D093A86F-CE3D-461B-9BA9-1EDF53DB0685}.Release|Any CPU.Build.0 = Release|Any CPU
		{D093A86F-CE3D-461B-9BA9-1EDF53DB0685}.Release|x64.ActiveCfg = Release|Any CPU
		{D093A86F-CE3D-461B-9BA9-1EDF53DB0685}.Release|x64.Build.0 = Release|Any CPU
		{D093A86F-CE3D-461B-9BA9-1EDF53DB0685}.Release|x86.ActiveCfg = Release|Any CPU
		{D093A86F-CE3D-461B-9BA9-1EDF53DB0685}.Release|x86.Build.0 = Release|Any CPU
		{D592C87D-C816-4BD9-8B53-3DBA01EF7E0B}.Debug|Any CPU.ActiveCfg = Debug|Any CPU
		{D592C87D-C816-4BD9-8B53-3DBA01EF7E0B}.Debug|Any CPU.Build.0 = Debug|Any CPU
		{D592C87D-C816-4BD9-8B53-3DBA01EF7E0B}.Debug|x64.ActiveCfg = Debug|Any CPU
		{D592C87D-C816-4BD9-8B53-3DBA01EF7E0B}.Debug|x64.Build.0 = Debug|Any CPU
		{D592C87D-C816-4BD9-8B53-3DBA01EF7E0B}.Debug|x86.ActiveCfg = Debug|Any CPU
		{D592C87D-C816-4BD9-8B53-3DBA01EF7E0B}.Debug|x86.Build.0 = Debug|Any CPU
		{D592C87D-C816-4BD9-8B53-3DBA01EF7E0B}.Release|Any CPU.ActiveCfg = Release|Any CPU
		{D592C87D-C816-4BD9-8B53-3DBA01EF7E0B}.Release|Any CPU.Build.0 = Release|Any CPU
		{D592C87D-C816-4BD9-8B53-3DBA01EF7E0B}.Release|x64.ActiveCfg = Release|Any CPU
		{D592C87D-C816-4BD9-8B53-3DBA01EF7E0B}.Release|x64.Build.0 = Release|Any CPU
		{D592C87D-C816-4BD9-8B53-3DBA01EF7E0B}.Release|x86.ActiveCfg = Release|Any CPU
		{D592C87D-C816-4BD9-8B53-3DBA01EF7E0B}.Release|x86.Build.0 = Release|Any CPU
		{D2809D7E-548C-4EE1-95C0-25CFF9215490}.Debug|Any CPU.ActiveCfg = Debug|Any CPU
		{D2809D7E-548C-4EE1-95C0-25CFF9215490}.Debug|Any CPU.Build.0 = Debug|Any CPU
		{D2809D7E-548C-4EE1-95C0-25CFF9215490}.Debug|x64.ActiveCfg = Debug|Any CPU
		{D2809D7E-548C-4EE1-95C0-25CFF9215490}.Debug|x64.Build.0 = Debug|Any CPU
		{D2809D7E-548C-4EE1-95C0-25CFF9215490}.Debug|x86.ActiveCfg = Debug|Any CPU
		{D2809D7E-548C-4EE1-95C0-25CFF9215490}.Debug|x86.Build.0 = Debug|Any CPU
		{D2809D7E-548C-4EE1-95C0-25CFF9215490}.Release|Any CPU.ActiveCfg = Release|Any CPU
		{D2809D7E-548C-4EE1-95C0-25CFF9215490}.Release|Any CPU.Build.0 = Release|Any CPU
		{D2809D7E-548C-4EE1-95C0-25CFF9215490}.Release|x64.ActiveCfg = Release|Any CPU
		{D2809D7E-548C-4EE1-95C0-25CFF9215490}.Release|x64.Build.0 = Release|Any CPU
		{D2809D7E-548C-4EE1-95C0-25CFF9215490}.Release|x86.ActiveCfg = Release|Any CPU
		{D2809D7E-548C-4EE1-95C0-25CFF9215490}.Release|x86.Build.0 = Release|Any CPU
		{B4FF9BA3-EA21-4E82-8DBE-D8E06563D49E}.Debug|Any CPU.ActiveCfg = Debug|Any CPU
		{B4FF9BA3-EA21-4E82-8DBE-D8E06563D49E}.Debug|Any CPU.Build.0 = Debug|Any CPU
		{B4FF9BA3-EA21-4E82-8DBE-D8E06563D49E}.Debug|x64.ActiveCfg = Debug|Any CPU
		{B4FF9BA3-EA21-4E82-8DBE-D8E06563D49E}.Debug|x64.Build.0 = Debug|Any CPU
		{B4FF9BA3-EA21-4E82-8DBE-D8E06563D49E}.Debug|x86.ActiveCfg = Debug|Any CPU
		{B4FF9BA3-EA21-4E82-8DBE-D8E06563D49E}.Debug|x86.Build.0 = Debug|Any CPU
		{B4FF9BA3-EA21-4E82-8DBE-D8E06563D49E}.Release|Any CPU.ActiveCfg = Release|Any CPU
		{B4FF9BA3-EA21-4E82-8DBE-D8E06563D49E}.Release|Any CPU.Build.0 = Release|Any CPU
		{B4FF9BA3-EA21-4E82-8DBE-D8E06563D49E}.Release|x64.ActiveCfg = Release|Any CPU
		{B4FF9BA3-EA21-4E82-8DBE-D8E06563D49E}.Release|x64.Build.0 = Release|Any CPU
		{B4FF9BA3-EA21-4E82-8DBE-D8E06563D49E}.Release|x86.ActiveCfg = Release|Any CPU
		{B4FF9BA3-EA21-4E82-8DBE-D8E06563D49E}.Release|x86.Build.0 = Release|Any CPU
	EndGlobalSection
	GlobalSection(SolutionProperties) = preSolution
		HideSolutionNode = FALSE
	EndGlobalSection
	GlobalSection(NestedProjects) = preSolution
		{EAF98E18-0087-45F7-892E-337BB71BCA67} = {00FF8918-DF57-4BE8-9E40-31B7C99EB0DF}
		{3021DE1D-9296-48B2-84E8-04F6507A6631} = {BF7F0264-0847-4F37-872D-64143A917960}
		{894003B4-CB09-4EE1-84A8-FCCB6F3131FF} = {BF7F0264-0847-4F37-872D-64143A917960}
		{40D6CD6E-F5A0-48AC-996A-5C1BA25412B7} = {00FF8918-DF57-4BE8-9E40-31B7C99EB0DF}
		{24E7C03C-3301-44DC-B469-A28B49257A5B} = {00FF8918-DF57-4BE8-9E40-31B7C99EB0DF}
		{D592C87D-C816-4BD9-8B53-3DBA01EF7E0B} = {BF7F0264-0847-4F37-872D-64143A917960}
		{D2809D7E-548C-4EE1-95C0-25CFF9215490} = {00FF8918-DF57-4BE8-9E40-31B7C99EB0DF}
	EndGlobalSection
EndGlobal
